
Microsoft Visual Studio Solution File, Format Version 12.00
# Visual Studio Version 16
VisualStudioVersion = 16.0.31729.503
MinimumVisualStudioVersion = 10.0.40219.1
Project("{FAE04EC0-301F-11D3-BF4B-00C04F79EFBC}") = "BookListMVC", "BookListMVC\BookListMVC.csproj", "{87025341-380F-4F41-9380-89A21F3919F5}"
EndProject
Global
	GlobalSection(SolutionConfigurationPlatforms) = preSolution
		Debug|Any CPU = Debug|Any CPU
		Release|Any CPU = Release|Any CPU
	EndGlobalSection
	GlobalSection(ProjectConfigurationPlatforms) = postSolution
		{87025341-380F-4F41-9380-89A21F3919F5}.Debug|Any CPU.ActiveCfg = Debug|Any CPU
		{87025341-380F-4F41-9380-89A21F3919F5}.Debug|Any CPU.Build.0 = Debug|Any CPU
		{87025341-380F-4F41-9380-89A21F3919F5}.Release|Any CPU.ActiveCfg = Release|Any CPU
		{87025341-380F-4F41-9380-89A21F3919F5}.Release|Any CPU.Build.0 = Release|Any CPU
	EndGlobalSection
	GlobalSection(SolutionProperties) = preSolution
		HideSolutionNode = FALSE
	EndGlobalSection
	GlobalSection(ExtensibilityGlobals) = postSolution
		SolutionGuid = {6DE70A81-74DD-4043-8A1F-67EA8FEB00DC}
	EndGlobalSection
EndGlobal
