
Microsoft Visual Studio Solution File, Format Version 12.00
# Visual Studio Version 16
VisualStudioVersion = 16.0.31702.278
MinimumVisualStudioVersion = 10.0.40219.1
Project("{FAE04EC0-301F-11D3-BF4B-00C04F79EFBC}") = "BindingManagerBase", "BindingManagerBase.csproj", "{6789D411-FFE9-424C-9E55-730DD9EA5696}"
EndProject
Global
	GlobalSection(SolutionConfigurationPlatforms) = preSolution
		Debug|Any CPU = Debug|Any CPU
		Release|Any CPU = Release|Any CPU
	EndGlobalSection
	GlobalSection(ProjectConfigurationPlatforms) = postSolution
		{6789D411-FFE9-424C-9E55-730DD9EA5696}.Debug|Any CPU.ActiveCfg = Debug|Any CPU
		{6789D411-FFE9-424C-9E55-730DD9EA5696}.Debug|Any CPU.Build.0 = Debug|Any CPU
		{6789D411-FFE9-424C-9E55-730DD9EA5696}.Release|Any CPU.ActiveCfg = Release|Any CPU
		{6789D411-FFE9-424C-9E55-730DD9EA5696}.Release|Any CPU.Build.0 = Release|Any CPU
	EndGlobalSection
	GlobalSection(SolutionProperties) = preSolution
		HideSolutionNode = FALSE
	EndGlobalSection
	GlobalSection(ExtensibilityGlobals) = postSolution
		SolutionGuid = {F49AB490-6390-4781-88D8-26EF1667B6BE}
	EndGlobalSection
EndGlobal
