
Microsoft Visual Studio Solution File, Format Version 12.00
# Visual Studio Version 16
VisualStudioVersion = 16.0.31702.278
MinimumVisualStudioVersion = 10.0.40219.1
Project("{FAE04EC0-301F-11D3-BF4B-00C04F79EFBC}") = "WindowsFormsPolymorphism", "WindowsFormsPolymorphism.csproj", "{E6DD88AF-8502-482D-8DCD-4537A1B7CF42}"
EndProject
Global
	GlobalSection(SolutionConfigurationPlatforms) = preSolution
		Debug|Any CPU = Debug|Any CPU
		Release|Any CPU = Release|Any CPU
	EndGlobalSection
	GlobalSection(ProjectConfigurationPlatforms) = postSolution
		{E6DD88AF-8502-482D-8DCD-4537A1B7CF42}.Debug|Any CPU.ActiveCfg = Debug|Any CPU
		{E6DD88AF-8502-482D-8DCD-4537A1B7CF42}.Debug|Any CPU.Build.0 = Debug|Any CPU
		{E6DD88AF-8502-482D-8DCD-4537A1B7CF42}.Release|Any CPU.ActiveCfg = Release|Any CPU
		{E6DD88AF-8502-482D-8DCD-4537A1B7CF42}.Release|Any CPU.Build.0 = Release|Any CPU
	EndGlobalSection
	GlobalSection(SolutionProperties) = preSolution
		HideSolutionNode = FALSE
	EndGlobalSection
	GlobalSection(ExtensibilityGlobals) = postSolution
		SolutionGuid = {5C8464C4-EC1D-4828-A47E-187F413BACC4}
	EndGlobalSection
EndGlobal
