
Microsoft Visual Studio Solution File, Format Version 12.00
# Visual Studio Version 16
VisualStudioVersion = 16.0.31702.278
MinimumVisualStudioVersion = 10.0.40219.1
Project("{FAE04EC0-301F-11D3-BF4B-00C04F79EFBC}") = "DB1", "DB1.csproj", "{0CA9D946-5594-4B39-A418-4C9A46FAC74C}"
EndProject
Global
	GlobalSection(SolutionConfigurationPlatforms) = preSolution
		Debug|Any CPU = Debug|Any CPU
		Release|Any CPU = Release|Any CPU
	EndGlobalSection
	GlobalSection(ProjectConfigurationPlatforms) = postSolution
		{0CA9D946-5594-4B39-A418-4C9A46FAC74C}.Debug|Any CPU.ActiveCfg = Debug|Any CPU
		{0CA9D946-5594-4B39-A418-4C9A46FAC74C}.Debug|Any CPU.Build.0 = Debug|Any CPU
		{0CA9D946-5594-4B39-A418-4C9A46FAC74C}.Release|Any CPU.ActiveCfg = Release|Any CPU
		{0CA9D946-5594-4B39-A418-4C9A46FAC74C}.Release|Any CPU.Build.0 = Release|Any CPU
	EndGlobalSection
	GlobalSection(SolutionProperties) = preSolution
		HideSolutionNode = FALSE
	EndGlobalSection
	GlobalSection(ExtensibilityGlobals) = postSolution
		SolutionGuid = {8EB1EEA9-6FE0-40F6-AAE8-AADBD17E71A5}
	EndGlobalSection
EndGlobal
