
Microsoft Visual Studio Solution File, Format Version 12.00
# Visual Studio Version 16
VisualStudioVersion = 16.0.31702.278
MinimumVisualStudioVersion = 10.0.40219.1
Project("{FAE04EC0-301F-11D3-BF4B-00C04F79EFBC}") = "WinGuess", "WinGuess.csproj", "{FF5977EA-84F8-4443-A31A-E8AB42FBA0CC}"
EndProject
Global
	GlobalSection(SolutionConfigurationPlatforms) = preSolution
		Debug|Any CPU = Debug|Any CPU
		Release|Any CPU = Release|Any CPU
	EndGlobalSection
	GlobalSection(ProjectConfigurationPlatforms) = postSolution
		{FF5977EA-84F8-4443-A31A-E8AB42FBA0CC}.Debug|Any CPU.ActiveCfg = Debug|Any CPU
		{FF5977EA-84F8-4443-A31A-E8AB42FBA0CC}.Debug|Any CPU.Build.0 = Debug|Any CPU
		{FF5977EA-84F8-4443-A31A-E8AB42FBA0CC}.Release|Any CPU.ActiveCfg = Release|Any CPU
		{FF5977EA-84F8-4443-A31A-E8AB42FBA0CC}.Release|Any CPU.Build.0 = Release|Any CPU
	EndGlobalSection
	GlobalSection(SolutionProperties) = preSolution
		HideSolutionNode = FALSE
	EndGlobalSection
	GlobalSection(ExtensibilityGlobals) = postSolution
		SolutionGuid = {D0F050AB-FA94-4B65-BA68-CF762737C08F}
	EndGlobalSection
EndGlobal
